
Microsoft Visual Studio Solution File, Format Version 12.00
# Visual Studio 15
VisualStudioVersion = 15.0.26124.0
MinimumVisualStudioVersion = 15.0.26124.0
Project("{FAE04EC0-301F-11D3-BF4B-00C04F79EFBC}") = "PrimeService", "PrimeService\PrimeService.csproj", "{3D9C91A1-BD2B-4906-B36A-2AE61FDD61DD}"
EndProject
Project("{FAE04EC0-301F-11D3-BF4B-00C04F79EFBC}") = "PrimeService.Tests", "PrimeService.Tests\PrimeService.Tests.csproj", "{FCBF7001-FA7E-4BA7-8DAE-89DBD804B21A}"
EndProject
Global
	GlobalSection(SolutionConfigurationPlatforms) = preSolution
		Debug|Any CPU = Debug|Any CPU
		Debug|x64 = Debug|x64
		Debug|x86 = Debug|x86
		Release|Any CPU = Release|Any CPU
		Release|x64 = Release|x64
		Release|x86 = Release|x86
	EndGlobalSection
	GlobalSection(SolutionProperties) = preSolution
		HideSolutionNode = FALSE
	EndGlobalSection
	GlobalSection(ProjectConfigurationPlatforms) = postSolution
		{3D9C91A1-BD2B-4906-B36A-2AE61FDD61DD}.Debug|Any CPU.ActiveCfg = Debug|Any CPU
		{3D9C91A1-BD2B-4906-B36A-2AE61FDD61DD}.Debug|Any CPU.Build.0 = Debug|Any CPU
		{3D9C91A1-BD2B-4906-B36A-2AE61FDD61DD}.Debug|x64.ActiveCfg = Debug|Any CPU
		{3D9C91A1-BD2B-4906-B36A-2AE61FDD61DD}.Debug|x64.Build.0 = Debug|Any CPU
		{3D9C91A1-BD2B-4906-B36A-2AE61FDD61DD}.Debug|x86.ActiveCfg = Debug|Any CPU
		{3D9C91A1-BD2B-4906-B36A-2AE61FDD61DD}.Debug|x86.Build.0 = Debug|Any CPU
		{3D9C91A1-BD2B-4906-B36A-2AE61FDD61DD}.Release|Any CPU.ActiveCfg = Release|Any CPU
		{3D9C91A1-BD2B-4906-B36A-2AE61FDD61DD}.Release|Any CPU.Build.0 = Release|Any CPU
		{3D9C91A1-BD2B-4906-B36A-2AE61FDD61DD}.Release|x64.ActiveCfg = Release|Any CPU
		{3D9C91A1-BD2B-4906-B36A-2AE61FDD61DD}.Release|x64.Build.0 = Release|Any CPU
		{3D9C91A1-BD2B-4906-B36A-2AE61FDD61DD}.Release|x86.ActiveCfg = Release|Any CPU
		{3D9C91A1-BD2B-4906-B36A-2AE61FDD61DD}.Release|x86.Build.0 = Release|Any CPU
		{FCBF7001-FA7E-4BA7-8DAE-89DBD804B21A}.Debug|Any CPU.ActiveCfg = Debug|Any CPU
		{FCBF7001-FA7E-4BA7-8DAE-89DBD804B21A}.Debug|Any CPU.Build.0 = Debug|Any CPU
		{FCBF7001-FA7E-4BA7-8DAE-89DBD804B21A}.Debug|x64.ActiveCfg = Debug|Any CPU
		{FCBF7001-FA7E-4BA7-8DAE-89DBD804B21A}.Debug|x64.Build.0 = Debug|Any CPU
		{FCBF7001-FA7E-4BA7-8DAE-89DBD804B21A}.Debug|x86.ActiveCfg = Debug|Any CPU
		{FCBF7001-FA7E-4BA7-8DAE-89DBD804B21A}.Debug|x86.Build.0 = Debug|Any CPU
		{FCBF7001-FA7E-4BA7-8DAE-89DBD804B21A}.Release|Any CPU.ActiveCfg = Release|Any CPU
		{FCBF7001-FA7E-4BA7-8DAE-89DBD804B21A}.Release|Any CPU.Build.0 = Release|Any CPU
		{FCBF7001-FA7E-4BA7-8DAE-89DBD804B21A}.Release|x64.ActiveCfg = Release|Any CPU
		{FCBF7001-FA7E-4BA7-8DAE-89DBD804B21A}.Release|x64.Build.0 = Release|Any CPU
		{FCBF7001-FA7E-4BA7-8DAE-89DBD804B21A}.Release|x86.ActiveCfg = Release|Any CPU
		{FCBF7001-FA7E-4BA7-8DAE-89DBD804B21A}.Release|x86.Build.0 = Release|Any CPU
	EndGlobalSection
EndGlobal
